<?xml version="1.0" encoding="utf-8"?>
<Project ToolsVersion="4.0" xmlns="http://schemas.microsoft.com/developer/msbuild/2003">
  <ItemGroup>
    <Filter Include="Header Files">
      <UniqueIdentifier>{93995380-89BD-4b04-88EB-625FBE52EBFB}</UniqueIdentifier>
      <Extensions>h;hh;hpp;hxx;h++;hm;inl;inc;ipp;xsd</Extensions>
    </Filter>
    <Filter Include="Resource Files">
      <UniqueIdentifier>{67DA6AB6-F800-4c08-8B7A-83BB121AAD01}</UniqueIdentifier>
      <Extensions>rc;ico;cur;bmp;dlg;rc2;rct;bin;rgs;gif;jpg;jpeg;jpe;resx;tiff;tif;png;wav;mfcribbon-ms</Extensions>
    </Filter>
    <Filter Include="public">
      <UniqueIdentifier>{0f91ae7a-85a3-490b-af52-abc23650d273}</UniqueIdentifier>
    </Filter>
    <Filter Include="private">
      <UniqueIdentifier>{3241453a-0290-4c35-a34f-f1eb7c55dfab}</UniqueIdentifier>
    </Filter>
    <Filter Include="public\Races">
      <UniqueIdentifier>{107dc932-f522-4f1f-abda-e8a3592fb433}</UniqueIdentifier>
    </Filter>
    <Filter Include="public\Generic">
      <UniqueIdentifier>{39c6a692-3c41-4d2f-84d3-cbf42feffc22}</UniqueIdentifier>
    </Filter>
    <Filter Include="public\Core">
      <UniqueIdentifier>{9c603aaa-52e1-4a58-8ef3-22c98af15e74}</UniqueIdentifier>
    </Filter>
    <Filter Include="private\Races">
      <UniqueIdentifier>{4feb7f4a-2a28-43d2-b024-f4a3da96b8e7}</UniqueIdentifier>
    </Filter>
    <Filter Include="private\Core">
      <UniqueIdentifier>{c361d9ff-11f5-455f-82a3-43fd5b20820e}</UniqueIdentifier>
    </Filter>
    <Filter Include="private\Generic">
      <UniqueIdentifier>{1687aac0-f169-4dad-8e0d-0beafcf442f2}</UniqueIdentifier>
    </Filter>
  </ItemGroup>
  <ItemGroup>
    <ClInclude Include="RaceInterface.h">
      <Filter>Header Files</Filter>
    </ClInclude>
    <ClInclude Include="BaseRace.h">
      <Filter>Header Files</Filter>
    </ClInclude>
    <ClInclude Include="MyFunctions.h">
      <Filter>Header Files</Filter>
    </ClInclude>
    <ClInclude Include="Terrans.h">
      <Filter>Header Files</Filter>
    </ClInclude>
    <ClInclude Include="Zergs.h">
      <Filter>Header Files</Filter>
    </ClInclude>
    <ClInclude Include="GameLogic.h">
      <Filter>Header Files</Filter>
    </ClInclude>
    <ClInclude Include="Protosses.h">
      <Filter>Header Files</Filter>
    </ClInclude>
    <ClInclude Include="public\Core\GameLogic.h">
      <Filter>public\Core</Filter>
    </ClInclude>
    <ClInclude Include="public\Generic\MyFunctions.h">
      <Filter>public\Generic</Filter>
    </ClInclude>
    <ClInclude Include="public\Races\BaseRace.h">
      <Filter>public\Races</Filter>
    </ClInclude>
    <ClInclude Include="public\Races\Protosses.h">
      <Filter>public\Races</Filter>
    </ClInclude>
    <ClInclude Include="public\Races\RaceInterface.h">
      <Filter>public\Races</Filter>
    </ClInclude>
    <ClInclude Include="public\Races\Terrans.h">
      <Filter>public\Races</Filter>
    </ClInclude>
    <ClInclude Include="public\Races\Zergs.h">
      <Filter>public\Races</Filter>
    </ClInclude>
  </ItemGroup>
  <ItemGroup>
    <ClCompile Include="private\Generic\MyFunctions.cpp">
      <Filter>private\Generic</Filter>
    </ClCompile>
    <ClCompile Include="private\Core\GameLogic.cpp">
      <Filter>private\Core</Filter>
    </ClCompile>
    <ClCompile Include="private\Core\TextingGame.cpp">
      <Filter>private\Core</Filter>
    </ClCompile>
    <ClCompile Include="private\Races\BaseRace.cpp">
      <Filter>private\Races</Filter>
    </ClCompile>
    <ClCompile Include="private\Races\Protosses.cpp">
      <Filter>private\Races</Filter>
    </ClCompile>
    <ClCompile Include="private\Races\Terrans.cpp">
      <Filter>private\Races</Filter>
    </ClCompile>
    <ClCompile Include="private\Races\Zergs.cpp">
      <Filter>private\Races</Filter>
    </ClCompile>
  </ItemGroup>
</Project>